
Microsoft Visual Studio Solution File, Format Version 12.00
# Visual Studio Version 16
VisualStudioVersion = 16.0.29209.62
MinimumVisualStudioVersion = 10.0.40219.1
Project("{9A19103F-16F7-4668-BE54-9A1E7A4F7556}") = "MGonzaga.IoC.NETCore.Domain", "MGonzaga.IoC.NETCore.Domain\MGonzaga.IoC.NETCore.Domain.csproj", "{185707D9-24C4-4F26-B71A-97E76AE67F9F}"
EndProject
Project("{9A19103F-16F7-4668-BE54-9A1E7A4F7556}") = "MGonzaga.IoC.NETCore.Tests", "MGonzaga.IoC.NETCore.Tests\MGonzaga.IoC.NETCore.Tests.csproj", "{B4946821-E28C-4EE7-9CFE-9AB306EC07DB}"
EndProject
Project("{9A19103F-16F7-4668-BE54-9A1E7A4F7556}") = "MGonzaga.IoC.NETCore.Common", "MGonzaga.IoC.NETCore.Common\MGonzaga.IoC.NETCore.Common.csproj", "{5AC96A6A-22FE-4EC1-9352-387B49143A96}"
EndProject
Project("{9A19103F-16F7-4668-BE54-9A1E7A4F7556}") = "MGonzaga.IoC.NETCore.BusinessLayer", "MGonzaga.IoC.NETCore.BusinessLayer\MGonzaga.IoC.NETCore.BusinessLayer.csproj", "{483ADEF0-1BFA-49DD-A9BB-79FE40444074}"
EndProject
Project("{9A19103F-16F7-4668-BE54-9A1E7A4F7556}") = "MGonzaga.IoC.NETCore.Proxys", "MGonzaga.IoC.NETCore.Proxys\MGonzaga.IoC.NETCore.Proxys.csproj", "{04DA32BA-66D5-454F-90A4-BAD9164E419C}"
EndProject
Project("{9A19103F-16F7-4668-BE54-9A1E7A4F7556}") = "MGonzaga.IoC.NETCore.WebAPI", "MGonzaga.IoC.NETCore.WebAPI\MGonzaga.IoC.NETCore.WebAPI.csproj", "{2944A121-FC52-4B9E-A256-DB260D47B8B0}"
EndProject
Project("{9A19103F-16F7-4668-BE54-9A1E7A4F7556}") = "MGonzaga.IoC.NETCore.Data", "MGonzaga.IoC.NETCore.Data\MGonzaga.IoC.NETCore.Data.csproj", "{84491CF4-F293-472D-8F85-C6A85EBC335A}"
EndProject
Global
	GlobalSection(SolutionConfigurationPlatforms) = preSolution
		Debug|Any CPU = Debug|Any CPU
		Release|Any CPU = Release|Any CPU
	EndGlobalSection
	GlobalSection(ProjectConfigurationPlatforms) = postSolution
		{185707D9-24C4-4F26-B71A-97E76AE67F9F}.Debug|Any CPU.ActiveCfg = Debug|Any CPU
		{185707D9-24C4-4F26-B71A-97E76AE67F9F}.Debug|Any CPU.Build.0 = Debug|Any CPU
		{185707D9-24C4-4F26-B71A-97E76AE67F9F}.Release|Any CPU.ActiveCfg = Release|Any CPU
		{185707D9-24C4-4F26-B71A-97E76AE67F9F}.Release|Any CPU.Build.0 = Release|Any CPU
		{B4946821-E28C-4EE7-9CFE-9AB306EC07DB}.Debug|Any CPU.ActiveCfg = Debug|Any CPU
		{B4946821-E28C-4EE7-9CFE-9AB306EC07DB}.Debug|Any CPU.Build.0 = Debug|Any CPU
		{B4946821-E28C-4EE7-9CFE-9AB306EC07DB}.Release|Any CPU.ActiveCfg = Release|Any CPU
		{B4946821-E28C-4EE7-9CFE-9AB306EC07DB}.Release|Any CPU.Build.0 = Release|Any CPU
		{5AC96A6A-22FE-4EC1-9352-387B49143A96}.Debug|Any CPU.ActiveCfg = Debug|Any CPU
		{5AC96A6A-22FE-4EC1-9352-387B49143A96}.Debug|Any CPU.Build.0 = Debug|Any CPU
		{5AC96A6A-22FE-4EC1-9352-387B49143A96}.Release|Any CPU.ActiveCfg = Release|Any CPU
		{5AC96A6A-22FE-4EC1-9352-387B49143A96}.Release|Any CPU.Build.0 = Release|Any CPU
		{483ADEF0-1BFA-49DD-A9BB-79FE40444074}.Debug|Any CPU.ActiveCfg = Debug|Any CPU
		{483ADEF0-1BFA-49DD-A9BB-79FE40444074}.Debug|Any CPU.Build.0 = Debug|Any CPU
		{483ADEF0-1BFA-49DD-A9BB-79FE40444074}.Release|Any CPU.ActiveCfg = Release|Any CPU
		{483ADEF0-1BFA-49DD-A9BB-79FE40444074}.Release|Any CPU.Build.0 = Release|Any CPU
		{04DA32BA-66D5-454F-90A4-BAD9164E419C}.Debug|Any CPU.ActiveCfg = Debug|Any CPU
		{04DA32BA-66D5-454F-90A4-BAD9164E419C}.Debug|Any CPU.Build.0 = Debug|Any CPU
		{04DA32BA-66D5-454F-90A4-BAD9164E419C}.Release|Any CPU.ActiveCfg = Release|Any CPU
		{04DA32BA-66D5-454F-90A4-BAD9164E419C}.Release|Any CPU.Build.0 = Release|Any CPU
		{2944A121-FC52-4B9E-A256-DB260D47B8B0}.Debug|Any CPU.ActiveCfg = Debug|Any CPU
		{2944A121-FC52-4B9E-A256-DB260D47B8B0}.Debug|Any CPU.Build.0 = Debug|Any CPU
		{2944A121-FC52-4B9E-A256-DB260D47B8B0}.Release|Any CPU.ActiveCfg = Release|Any CPU
		{2944A121-FC52-4B9E-A256-DB260D47B8B0}.Release|Any CPU.Build.0 = Release|Any CPU
		{84491CF4-F293-472D-8F85-C6A85EBC335A}.Debug|Any CPU.ActiveCfg = Debug|Any CPU
		{84491CF4-F293-472D-8F85-C6A85EBC335A}.Debug|Any CPU.Build.0 = Debug|Any CPU
		{84491CF4-F293-472D-8F85-C6A85EBC335A}.Release|Any CPU.ActiveCfg = Release|Any CPU
		{84491CF4-F293-472D-8F85-C6A85EBC335A}.Release|Any CPU.Build.0 = Release|Any CPU
	EndGlobalSection
	GlobalSection(SolutionProperties) = preSolution
		HideSolutionNode = FALSE
	EndGlobalSection
	GlobalSection(ExtensibilityGlobals) = postSolution
		SolutionGuid = {9E065A7E-946B-4D51-A333-487D59D22B99}
	EndGlobalSection
EndGlobal
